<?xml version="1.0" encoding="utf-8"?>
<Project ToolsVersion="4.0" xmlns="http://schemas.microsoft.com/developer/msbuild/2003">
  <ItemGroup>
    <ClCompile Include="source\main.cpp" />
    <ClCompile Include="source\timer.cpp" />
    <ClCompile Include="source\serial_connection.cpp" />
    <ClCompile Include="source\control.cpp" />
    <ClCompile Include="source\speech_recognizer.cpp" />
  </ItemGroup>
  <ItemGroup>
    <ClInclude Include="source\timer.h" />
    <ClInclude Include="source\serial_connection.h" />
    <ClInclude Include="source\control.h" />
    <ClInclude Include="source\speech_recognizer.h" />
  </ItemGroup>
</Project>